<?xml version="1.0" encoding="utf-8"?>
<Project ToolsVersion="15.0" xmlns="http://schemas.microsoft.com/developer/msbuild/2003">
  <ItemGroup>
    <Filter Include="Common">
      <UniqueIdentifier>7920213a-318c-481a-8168-6c0d7b03c599</UniqueIdentifier>
    </Filter>
    <Filter Include="Assets">
      <UniqueIdentifier>ae050e7f-5716-450e-9b73-adacbf31e59d</UniqueIdentifier>
      <Extensions>bmp;fbx;gif;jpg;jpeg;tga;tiff;tif;png</Extensions>
    </Filter>
    <Filter Include="Data">
      <UniqueIdentifier>{1a6908cb-13ce-4165-8a73-f7d3398cc6b3}</UniqueIdentifier>
    </Filter>
    <Filter Include="ViewModels">
      <UniqueIdentifier>{9d7ac7c2-18b4-4063-b669-d385828dd044}</UniqueIdentifier>
    </Filter>
  </ItemGroup>
  <ItemGroup>
    <ClCompile Include="pch.cpp" />
    <ClCompile Include="Book.cpp">
      <Filter>Data</Filter>
    </ClCompile>
    <ClCompile Include="BookViewModel.cpp">
      <Filter>ViewModels</Filter>
    </ClCompile>
    <ClCompile Include="BookDataSource.cpp">
      <Filter>Data</Filter>
    </ClCompile>
  </ItemGroup>
  <ItemGroup>
    <ClInclude Include="pch.h" />
    <ClInclude Include="Book.h">
      <Filter>Data</Filter>
    </ClInclude>
    <ClInclude Include="BookViewModel.h">
      <Filter>ViewModels</Filter>
    </ClInclude>
    <ClInclude Include="BookDataSource.h">
      <Filter>Data</Filter>
    </ClInclude>
  </ItemGroup>
  <ItemGroup>
    <Image Include="Assets\LockScreenLogo.scale-200.png">
      <Filter>Assets</Filter>
    </Image>
    <Image Include="Assets\SplashScreen.scale-200.png">
      <Filter>Assets</Filter>
    </Image>
    <Image Include="Assets\Square150x150Logo.scale-200.png">
      <Filter>Assets</Filter>
    </Image>
    <Image Include="Assets\Square44x44Logo.scale-200.png">
      <Filter>Assets</Filter>
    </Image>
    <Image Include="Assets\Square44x44Logo.targetsize-24_altform-unplated.png">
      <Filter>Assets</Filter>
    </Image>
    <Image Include="Assets\StoreLogo.png">
      <Filter>Assets</Filter>
    </Image>
    <Image Include="Assets\Wide310x150Logo.scale-200.png">
      <Filter>Assets</Filter>
    </Image>
    <Image Include="Assets\open.png">
      <Filter>Assets</Filter>
    </Image>
  </ItemGroup>
  <ItemGroup>
    <AppxManifest Include="Package.appxmanifest" />
  </ItemGroup>
  <ItemGroup>
    <Page Include="MainPage.xaml" />
    <Page Include="DetailPage.xaml" />
    <Page Include="PdfReaderPage.xaml" />
  </ItemGroup>
  <ItemGroup>
    <ApplicationDefinition Include="App.xaml" />
  </ItemGroup>
  <ItemGroup>
    <None Include="packages.config" />
  </ItemGroup>
</Project>